
Microsoft Visual Studio Solution File, Format Version 11.00
# Visual Studio 2010
Project("{FAE04EC0-301F-11D3-BF4B-00C04F79EFBC}") = "SudokuTest", "SudokuTest\SudokuTest.csproj", "{93E55AA6-7A86-42B1-84C0-3142F50869C7}"
EndProject
Global
	GlobalSection(SolutionConfigurationPlatforms) = preSolution
		Debug|x86 = Debug|x86
		Release|x86 = Release|x86
	EndGlobalSection
	GlobalSection(ProjectConfigurationPlatforms) = postSolution
		{93E55AA6-7A86-42B1-84C0-3142F50869C7}.Debug|x86.ActiveCfg = Debug|x86
		{93E55AA6-7A86-42B1-84C0-3142F50869C7}.Debug|x86.Build.0 = Debug|x86
		{93E55AA6-7A86-42B1-84C0-3142F50869C7}.Release|x86.ActiveCfg = Release|x86
		{93E55AA6-7A86-42B1-84C0-3142F50869C7}.Release|x86.Build.0 = Release|x86
	EndGlobalSection
	GlobalSection(SolutionProperties) = preSolution
		HideSolutionNode = FALSE
	EndGlobalSection
EndGlobal
