
Microsoft Visual Studio Solution File, Format Version 11.00
# Visual Studio 2010
Project("{FAE04EC0-301F-11D3-BF4B-00C04F79EFBC}") = "ShutDown", "ShutDown\ShutDown.csproj", "{9ABCDED1-A446-4A64-8522-D5CA730F790D}"
EndProject
Global
	GlobalSection(SolutionConfigurationPlatforms) = preSolution
		Debug|x86 = Debug|x86
		Release|x86 = Release|x86
	EndGlobalSection
	GlobalSection(ProjectConfigurationPlatforms) = postSolution
		{9ABCDED1-A446-4A64-8522-D5CA730F790D}.Debug|x86.ActiveCfg = Release|x86
		{9ABCDED1-A446-4A64-8522-D5CA730F790D}.Debug|x86.Build.0 = Release|x86
		{9ABCDED1-A446-4A64-8522-D5CA730F790D}.Release|x86.ActiveCfg = Release|x86
		{9ABCDED1-A446-4A64-8522-D5CA730F790D}.Release|x86.Build.0 = Release|x86
	EndGlobalSection
	GlobalSection(SolutionProperties) = preSolution
		HideSolutionNode = FALSE
	EndGlobalSection
EndGlobal
